
Microsoft Visual Studio Solution File, Format Version 12.00
# Visual Studio Version 17
VisualStudioVersion = 17.13.35825.156 d17.13
MinimumVisualStudioVersion = 10.0.40219.1
Project("{FAE04EC0-301F-11D3-BF4B-00C04F79EFBC}") = "OWDiagonalMovementUnpatch", "OWDiagonalMovementUnpatch\OWDiagonalMovementUnpatch.csproj", "{CF9ECD8E-C128-4BE8-8BBE-5388A43DAD05}"
EndProject
Global
	GlobalSection(SolutionConfigurationPlatforms) = preSolution
		Debug|Any CPU = Debug|Any CPU
		Release|Any CPU = Release|Any CPU
	EndGlobalSection
	GlobalSection(ProjectConfigurationPlatforms) = postSolution
		{CF9ECD8E-C128-4BE8-8BBE-5388A43DAD05}.Debug|Any CPU.ActiveCfg = Debug|Any CPU
		{CF9ECD8E-C128-4BE8-8BBE-5388A43DAD05}.Debug|Any CPU.Build.0 = Debug|Any CPU
		{CF9ECD8E-C128-4BE8-8BBE-5388A43DAD05}.Release|Any CPU.ActiveCfg = Release|Any CPU
		{CF9ECD8E-C128-4BE8-8BBE-5388A43DAD05}.Release|Any CPU.Build.0 = Release|Any CPU
	EndGlobalSection
	GlobalSection(SolutionProperties) = preSolution
		HideSolutionNode = FALSE
	EndGlobalSection
	GlobalSection(ExtensibilityGlobals) = postSolution
		SolutionGuid = {D28791C9-90FD-4650-9A91-9AECCECD190D}
	EndGlobalSection
EndGlobal
